# THIS IS AN AUTOGENERATED FILE. DO NOT EDIT THIS FILE DIRECTLY.
# yarn lockfile v1


"@fortawesome/fontawesome-free@^5.15.4":
  version "5.15.4"
  resolved "https://registry.yarnpkg.com/@fortawesome/fontawesome-free/-/fontawesome-free-5.15.4.tgz#ecda5712b61ac852c760d8b3c79c96adca5554e5"
  integrity sha512-eYm8vijH/hpzr/6/1CJ/V/Eb1xQFW2nnUKArb3z+yUWv7HTwj6M7SP957oMjfZjAHU6qpoNc2wQvIxBLWYa/Jg==

"@hotwired/stimulus@^3.0.1":
  version "3.0.1"
  resolved "https://registry.npmjs.org/@hotwired/stimulus/-/stimulus-3.0.1.tgz"
  integrity sha512-oHsJhgY2cip+K2ED7vKUNd2P+BEswVhrCYcJ802DSsblJFv7mPFVk3cQKvm2vHgHeDVdnj7oOKrBbzp1u8D+KA==

"@hotwired/turbo-rails@^7.1.0":
  version "7.1.0"
  resolved "https://registry.yarnpkg.com/@hotwired/turbo-rails/-/turbo-rails-7.1.0.tgz#63df3f0e11aea7c451983266c80ad8896f310952"
  integrity sha512-eB/PTZQYl7dPm51AfBwm0sBpohJ7eir/JmuOfwJG297lEEA8sFcvpxVON/87Ne97OyAOcORZtLpX0KB+t9afyw==
  dependencies:
    "@hotwired/turbo" "^7.1.0"
    "@rails/actioncable" "^6.0.0"

"@hotwired/turbo@^7.1.0":
  version "7.1.0"
  resolved "https://registry.npmjs.org/@hotwired/turbo/-/turbo-7.1.0.tgz"
  integrity sha512-Q8kGjqwPqER+CtpQudbH+3Zgs2X4zb6pBAlr6NsKTXadg45pAOvxI9i4QpuHbwSzR2+x87HUm+rot9F/Pe8rxA==

"@rails/actioncable@^6.0.0":
  version "6.1.4"
  resolved "https://registry.npmjs.org/@rails/actioncable/-/actioncable-6.1.4.tgz"
  integrity sha512-0LmSKJTuo2dL6BQ+9xxLnS9lbkyfz2mBGeBnQ2J7o9Bn0l0q+ZC6VuoZMZZXPvABI4QT7Nfknv5WhfKYL+boew==

anymatch@~3.1.2:
  version "3.1.2"
  resolved "https://registry.npmjs.org/anymatch/-/anymatch-3.1.2.tgz"
  integrity sha512-P43ePfOAIupkguHUycrc4qJ9kz8ZiuOUijaETwX7THt0Y/GNK7v0aa8rY816xWjZ7rJdA5XdMcpVFTKMq+RvWg==
  dependencies:
    normalize-path "^3.0.0"
    picomatch "^2.0.4"

binary-extensions@^2.0.0:
  version "2.2.0"
  resolved "https://registry.npmjs.org/binary-extensions/-/binary-extensions-2.2.0.tgz"
  integrity sha512-jDctJ/IVQbZoJykoeHbhXpOlNBqGNcwXJKJog42E5HDPUwQTSdjCHdihjj0DlnheQ7blbT6dHOafNAiS8ooQKA==

braces@~3.0.2:
  version "3.0.2"
  resolved "https://registry.npmjs.org/braces/-/braces-3.0.2.tgz"
  integrity sha512-b8um+L1RzM3WDSzvhm6gIz1yfTbBt6YTlcEKAvsmqCZZFw46z626lVj9j1yEPW33H5H+lBQpZMP1k8l+78Ha0A==
  dependencies:
    fill-range "^7.0.1"

bulma@^0.9.3:
  version "0.9.3"
  resolved "https://registry.npmjs.org/bulma/-/bulma-0.9.3.tgz"
  integrity sha512-0d7GNW1PY4ud8TWxdNcP6Cc8Bu7MxcntD/RRLGWuiw/s0a9P+XlH/6QoOIrmbj6o8WWJzJYhytiu9nFjTszk1g==

"chokidar@>=3.0.0 <4.0.0":
  version "3.5.2"
  resolved "https://registry.npmjs.org/chokidar/-/chokidar-3.5.2.tgz"
  integrity sha512-ekGhOnNVPgT77r4K/U3GDhu+FQ2S8TnK/s2KbIGXi0SZWuwkZ2QNyfWdZW+TVfn84DpEP7rLeCt2UI6bJ8GwbQ==
  dependencies:
    anymatch "~3.1.2"
    braces "~3.0.2"
    glob-parent "~5.1.2"
    is-binary-path "~2.1.0"
    is-glob "~4.0.1"
    normalize-path "~3.0.0"
    readdirp "~3.6.0"
  optionalDependencies:
    fsevents "~2.3.2"

esbuild-android-arm64@0.14.8:
  version "0.14.8"
  resolved "https://registry.yarnpkg.com/esbuild-android-arm64/-/esbuild-android-arm64-0.14.8.tgz#69324e08ba68c7d9a541e7b825d7235b83e17bd6"
  integrity sha512-tAEoSHnPBSH0cCAFa/aYs3LPsoTY4SwsP6wDKi4PaelbQYNJjqNpAeweyJ8l98g1D6ZkLyqsHbkYj+209sezkA==

esbuild-darwin-64@0.14.8:
  version "0.14.8"
  resolved "https://registry.npmjs.org/esbuild-darwin-64/-/esbuild-darwin-64-0.14.8.tgz"
  integrity sha512-t7p7WzTb+ybiD/irkMt5j/NzB+jY+8yPTsrXk5zCOH1O7DdthRnAUJ7pJPwImdL7jAGRbLtYRxUPgCHs/0qUPw==

esbuild-darwin-arm64@0.14.8:
  version "0.14.8"
  resolved "https://registry.yarnpkg.com/esbuild-darwin-arm64/-/esbuild-darwin-arm64-0.14.8.tgz#59167584e58428877e48e05c4cca58755f843327"
  integrity sha512-5FeaT2zMUajKnBwUMSsjZev5iA38YHrDmXhkOCwZQIFUvhqojinqCrvv/X7dyxb1987bcY9KGwJ+EwDwd922HQ==

esbuild-freebsd-64@0.14.8:
  version "0.14.8"
  resolved "https://registry.yarnpkg.com/esbuild-freebsd-64/-/esbuild-freebsd-64-0.14.8.tgz#00b7d6e00abba9c2eccc9acd576c796333671e9c"
  integrity sha512-pGHBLSf7ynfyDZXUtbq/GsA2VIwQlWXrUj1AMcE0id47mRdEUM8/1ZuqMGZx63hRnNgtK9zNJ8OIu2c7qq76Qw==

esbuild-freebsd-arm64@0.14.8:
  version "0.14.8"
  resolved "https://registry.yarnpkg.com/esbuild-freebsd-arm64/-/esbuild-freebsd-arm64-0.14.8.tgz#57f0cd5a1cb37fa2c0e84e780677fe62f1e8c894"
  integrity sha512-g4GgAnrx6Gh1BjKJjJWgPnOR4tW2FcAx9wFvyUjRsIjB35gT+aAFR+P/zStu5OG9LnbS8Pvjd4wS68QIXk+2dA==

esbuild-linux-32@0.14.8:
  version "0.14.8"
  resolved "https://registry.yarnpkg.com/esbuild-linux-32/-/esbuild-linux-32-0.14.8.tgz#bbf3e5d3fb30f949030d0c2241ac93a172917d56"
  integrity sha512-wPfQJadF5vTzriw/B8Ide74PeAJlZW7czNx3NIUHkHlXb+En1SeIqNzl6jG9DuJUl57xD9Ucl9YJFEkFeX8eLg==

esbuild-linux-64@0.14.8:
  version "0.14.8"
  resolved "https://registry.yarnpkg.com/esbuild-linux-64/-/esbuild-linux-64-0.14.8.tgz#08631e9e0da613603bcec782f29fecbc6f4596de"
  integrity sha512-+RNuLk9RhRDL2kG+KTEYl5cIgF6AGLkRnKKWEu9DpCZaickONEqrKyQSVn410Hj105DLdW6qvIXQQHPycJhExg==

esbuild-linux-arm64@0.14.8:
  version "0.14.8"
  resolved "https://registry.yarnpkg.com/esbuild-linux-arm64/-/esbuild-linux-arm64-0.14.8.tgz#206d39c8dfbb7c72aa2f5fc52f7402b5b8a77366"
  integrity sha512-BtWoKNYul9UoxUvQUSdSrvSmJyFL1sGnNPTSqWCg1wMe4kmc8UY2yVsXSSkKO8N2jtHxlgFyz/XhvNBzEwGVcw==

esbuild-linux-arm@0.14.8:
  version "0.14.8"
  resolved "https://registry.yarnpkg.com/esbuild-linux-arm/-/esbuild-linux-arm-0.14.8.tgz#e28e70420d187f5e403bfa4a72df676d53d707fd"
  integrity sha512-HIct38SvUAIJbiTwV/PVQroimQo96TGtzRDAEZxTorB4vsAj1r8bd0keXExPU4RH7G0zIqC4loQQpWYL+nH4Vg==

esbuild-linux-mips64le@0.14.8:
  version "0.14.8"
  resolved "https://registry.yarnpkg.com/esbuild-linux-mips64le/-/esbuild-linux-mips64le-0.14.8.tgz#04997ac1a0df794a4d5e04d78015863d48490590"
  integrity sha512-0DxnCl9XTvaQtsX6Qa+Phr5i9b04INwwSv2RbQ2UWRLoQ/037iaFzbmuhgrcmaGOcRwPkCa+4Qo5EgI01MUgsQ==

esbuild-linux-ppc64le@0.14.8:
  version "0.14.8"
  resolved "https://registry.yarnpkg.com/esbuild-linux-ppc64le/-/esbuild-linux-ppc64le-0.14.8.tgz#1827378feff9702c156047ba118c1f3bd74da67e"
  integrity sha512-Uzr/OMj97Q0qoWLXCvXCKUY/z1SNI4iSZEuYylM5Nd71HGStL32XWq/MReJ0PYMvUMKKJicKSKw2jWM1uBQ84Q==

esbuild-linux-s390x@0.14.8:
  version "0.14.8"
  resolved "https://registry.yarnpkg.com/esbuild-linux-s390x/-/esbuild-linux-s390x-0.14.8.tgz#200ac44cda59b81135b325c3a29d016969650876"
  integrity sha512-vURka7aCA5DrRoOqOn6pXYwFlDSoQ4qnqam8AC0Ikn6tibutuhgar6M3Ek2DCuz9yqd396mngdYr5A8x2TPkww==

esbuild-netbsd-64@0.14.8:
  version "0.14.8"
  resolved "https://registry.yarnpkg.com/esbuild-netbsd-64/-/esbuild-netbsd-64-0.14.8.tgz#8159d8eae111f80ea6e4cbfa5d4cf658388a72d4"
  integrity sha512-tjyDak2/pp0VUAhBW6/ueuReMd5qLHNlisXl5pq0Xn0z+kH9urA/t1igm0JassWbdMz123td5ZEQWoD9KbtOAw==

esbuild-openbsd-64@0.14.8:
  version "0.14.8"
  resolved "https://registry.yarnpkg.com/esbuild-openbsd-64/-/esbuild-openbsd-64-0.14.8.tgz#2a9498d881a3ab94927c724f34dd1160eef1f3b8"
  integrity sha512-zAKKV15fIyAuDDga5rQv0lW2ufBWj/OCjqjDBb3dJf5SfoAi/DMIHuzmkKQeDQ+oxt9Rp1D7ZOlOBVflutFTqQ==

esbuild-sunos-64@0.14.8:
  version "0.14.8"
  resolved "https://registry.yarnpkg.com/esbuild-sunos-64/-/esbuild-sunos-64-0.14.8.tgz#2447de7d79848ad528c7d44caab4938eb8f5a0cc"
  integrity sha512-xV41Wa8imziM/2dbWZjLKQbIETRgo5dE0oc/uPsgaecJhsrdA0VkGa/V432LJSUYv967xHDQdoRRl5tr80+NnQ==

esbuild-windows-32@0.14.8:
  version "0.14.8"
  resolved "https://registry.yarnpkg.com/esbuild-windows-32/-/esbuild-windows-32-0.14.8.tgz#3287281552d7e4c851b3106940ff5826f518043e"
  integrity sha512-AxpdeLKQSyCZo7MzdOyV4OgEbEJcjnrS/2niAjbHESbjuS5P1DN/5vZoJ/JSWDVa/40OkBuHBhAXMx1HK3UDsg==

esbuild-windows-64@0.14.8:
  version "0.14.8"
  resolved "https://registry.yarnpkg.com/esbuild-windows-64/-/esbuild-windows-64-0.14.8.tgz#b4052868438b4f17b5c2a908cf344ed2bd267c38"
  integrity sha512-/3pllNoy8mrz/E1rYalwiwwhzJBrYQhEapwAteHZbFVhGzYuB8F80e8x5eA8dhFHxDiZh1VzK+hREwwSt8UTQA==

esbuild-windows-arm64@0.14.8:
  version "0.14.8"
  resolved "https://registry.yarnpkg.com/esbuild-windows-arm64/-/esbuild-windows-arm64-0.14.8.tgz#512d06097cb4b848526a37c48a47223f1c6cc667"
  integrity sha512-lTm5naoNgaUvzIiax3XYIEebqwr3bIIEEtqUhzQ2UQ+JMBmvhr02w3sJIJqF3axTX6TgWrC1OtM7DYNvFG+aXA==

esbuild@^0.14.8:
  version "0.14.8"
  resolved "https://registry.npmjs.org/esbuild/-/esbuild-0.14.8.tgz"
  integrity sha512-stMsCBmxwaMpeK8GC/49L/cRGIwsHwoEN7Twk5zDTHlm/63c0KXFKzDC8iM2Mi3fyCKwS002TAH6IlAvqR6t3g==
  optionalDependencies:
    esbuild-android-arm64 "0.14.8"
    esbuild-darwin-64 "0.14.8"
    esbuild-darwin-arm64 "0.14.8"
    esbuild-freebsd-64 "0.14.8"
    esbuild-freebsd-arm64 "0.14.8"
    esbuild-linux-32 "0.14.8"
    esbuild-linux-64 "0.14.8"
    esbuild-linux-arm "0.14.8"
    esbuild-linux-arm64 "0.14.8"
    esbuild-linux-mips64le "0.14.8"
    esbuild-linux-ppc64le "0.14.8"
    esbuild-linux-s390x "0.14.8"
    esbuild-netbsd-64 "0.14.8"
    esbuild-openbsd-64 "0.14.8"
    esbuild-sunos-64 "0.14.8"
    esbuild-windows-32 "0.14.8"
    esbuild-windows-64 "0.14.8"
    esbuild-windows-arm64 "0.14.8"

fill-range@^7.0.1:
  version "7.0.1"
  resolved "https://registry.npmjs.org/fill-range/-/fill-range-7.0.1.tgz"
  integrity sha512-qOo9F+dMUmC2Lcb4BbVvnKJxTPjCm+RRpe4gDuGrzkL7mEVl/djYSu2OdQ2Pa302N4oqkSg9ir6jaLWJ2USVpQ==
  dependencies:
    to-regex-range "^5.0.1"

fsevents@~2.3.2:
  version "2.3.2"
  resolved "https://registry.npmjs.org/fsevents/-/fsevents-2.3.2.tgz"
  integrity sha512-xiqMQR4xAeHTuB9uWm+fFRcIOgKBMiOBP+eXiyT7jsgVCq1bkVygt00oASowB7EdtpOHaaPgKt812P9ab+DDKA==

glob-parent@~5.1.2:
  version "5.1.2"
  resolved "https://registry.npmjs.org/glob-parent/-/glob-parent-5.1.2.tgz"
  integrity sha512-AOIgSQCepiJYwP3ARnGx+5VnTu2HBYdzbGP45eLw1vr3zB3vZLeyed1sC9hnbcOc9/SrMyM5RPQrkGz4aS9Zow==
  dependencies:
    is-glob "^4.0.1"

immutable@^4.0.0:
  version "4.0.0"
  resolved "https://registry.npmjs.org/immutable/-/immutable-4.0.0.tgz"
  integrity sha512-zIE9hX70qew5qTUjSS7wi1iwj/l7+m54KWU247nhM3v806UdGj1yDndXj+IOYxxtW9zyLI+xqFNZjTuDaLUqFw==

is-binary-path@~2.1.0:
  version "2.1.0"
  resolved "https://registry.npmjs.org/is-binary-path/-/is-binary-path-2.1.0.tgz"
  integrity sha512-ZMERYes6pDydyuGidse7OsHxtbI7WVeUEozgR/g7rd0xUimYNlvZRE/K2MgZTjWy725IfelLeVcEM97mmtRGXw==
  dependencies:
    binary-extensions "^2.0.0"

is-extglob@^2.1.1:
  version "2.1.1"
  resolved "https://registry.npmjs.org/is-extglob/-/is-extglob-2.1.1.tgz"
  integrity sha1-qIwCU1eR8C7TfHahueqXc8gz+MI=

is-glob@^4.0.1, is-glob@~4.0.1:
  version "4.0.3"
  resolved "https://registry.npmjs.org/is-glob/-/is-glob-4.0.3.tgz"
  integrity sha512-xelSayHH36ZgE7ZWhli7pW34hNbNl8Ojv5KVmkJD4hBdD3th8Tfk9vYasLM+mXWOZhFkgZfxhLSnrwRr4elSSg==
  dependencies:
    is-extglob "^2.1.1"

is-number@^7.0.0:
  version "7.0.0"
  resolved "https://registry.npmjs.org/is-number/-/is-number-7.0.0.tgz"
  integrity sha512-41Cifkg6e8TylSpdtTpeLVMqvSBEVzTttHvERD741+pnZ8ANv0004MRL43QKPDlK9cGvNp6NZWZUBlbGXYxxng==

normalize-path@^3.0.0, normalize-path@~3.0.0:
  version "3.0.0"
  resolved "https://registry.npmjs.org/normalize-path/-/normalize-path-3.0.0.tgz"
  integrity sha512-6eZs5Ls3WtCisHWp9S2GUy8dqkpGi4BVSz3GaqiE6ezub0512ESztXUwUB6C6IKbQkY2Pnb/mD4WYojCRwcwLA==

picomatch@^2.0.4, picomatch@^2.2.1:
  version "2.3.0"
  resolved "https://registry.npmjs.org/picomatch/-/picomatch-2.3.0.tgz"
  integrity sha512-lY1Q/PiJGC2zOv/z391WOTD+Z02bCgsFfvxoXXf6h7kv9o+WmsmzYqrAwY63sNgOxE4xEdq0WyUnXfKeBrSvYw==

readdirp@~3.6.0:
  version "3.6.0"
  resolved "https://registry.npmjs.org/readdirp/-/readdirp-3.6.0.tgz"
  integrity sha512-hOS089on8RduqdbhvQ5Z37A0ESjsqz6qnRcffsMU3495FuTdqSm+7bhJ29JvIOsBDEEnan5DPu9t3To9VRlMzA==
  dependencies:
    picomatch "^2.2.1"

sass@^1.45.1:
  version "1.45.1"
  resolved "https://registry.npmjs.org/sass/-/sass-1.45.1.tgz"
  integrity sha512-pwPRiq29UR0o4X3fiQyCtrESldXvUQAAE0QmcJTpsI4kuHHcLzZ54M1oNBVIXybQv8QF2zfkpFcTxp8ta97dUA==
  dependencies:
    chokidar ">=3.0.0 <4.0.0"
    immutable "^4.0.0"
    source-map-js ">=0.6.2 <2.0.0"

sortablejs@^1.14.0:
  version "1.14.0"
  resolved "https://registry.yarnpkg.com/sortablejs/-/sortablejs-1.14.0.tgz#6d2e17ccbdb25f464734df621d4f35d4ab35b3d8"
  integrity sha512-pBXvQCs5/33fdN1/39pPL0NZF20LeRbLQ5jtnheIPN9JQAaufGjKdWduZn4U7wCtVuzKhmRkI0DFYHYRbB2H1w==

"source-map-js@>=0.6.2 <2.0.0":
  version "1.0.1"
  resolved "https://registry.npmjs.org/source-map-js/-/source-map-js-1.0.1.tgz"
  integrity sha512-4+TN2b3tqOCd/kaGRJ/sTYA0tR0mdXx26ipdolxcwtJVqEnqNYvlCAt1q3ypy4QMlYus+Zh34RNtYLoq2oQ4IA==

stimulus-autocomplete@^3.0.0-rc.5:
  version "3.0.0-rc.5"
  resolved "https://registry.npmjs.org/stimulus-autocomplete/-/stimulus-autocomplete-3.0.0-rc.5.tgz"
  integrity sha512-naMJo3atTHUFJQ2cwi1ujWWUMWmZ5JQuOv9SCU1DAaqDu3z6S+nGhXhkT4fTXpFRc+zQWswSrTcHCVWk7KVKzg==

to-regex-range@^5.0.1:
  version "5.0.1"
  resolved "https://registry.npmjs.org/to-regex-range/-/to-regex-range-5.0.1.tgz"
  integrity sha512-65P7iz6X5yEr1cwcgvQxbbIw7Uk3gOy5dIdtZ4rDveLqhrdJP+Li/Hx6tyK0NEb+2GCyneCMJiGqrADCSNk8sQ==
  dependencies:
    is-number "^7.0.0"
